
Microsoft Visual Studio Solution File, Format Version 12.00
# Visual Studio Version 17
VisualStudioVersion = 17.10.34928.147
MinimumVisualStudioVersion = 10.0.40219.1
Project("{2150E333-8FDC-42A3-9474-1A3956D46DE8}") = "BuildingBlocks", "BuildingBlocks", "{D3E13F0E-F185-441F-BFF4-F728A38DA70B}"
EndProject
Project("{9A19103F-16F7-4668-BE54-9A1E7A4F7556}") = "BuildingBlocks", "BuildingBlocks\BuildingBlocks\BuildingBlocks.csproj", "{FDE2DF57-2DCF-4267-AA6E-2AB5BF196519}"
EndProject
Project("{2150E333-8FDC-42A3-9474-1A3956D46DE8}") = "Services", "Services", "{BF576F51-FF27-4AFA-929D-BCC9D2AD6960}"
EndProject
Project("{2150E333-8FDC-42A3-9474-1A3956D46DE8}") = "Catalog", "Catalog", "{5643C63C-13EA-426B-B05D-F41AEBA32BE6}"
EndProject
Project("{9A19103F-16F7-4668-BE54-9A1E7A4F7556}") = "Catalog.API", "Services\Catalog\Catalog.API\Catalog.API.csproj", "{BF970A5A-5412-4DEC-9B0A-0E1DC454261C}"
EndProject
Project("{E53339B2-1760-4266-BCC7-CA923CBCF16C}") = "docker-compose", "docker-compose.dcproj", "{EC753963-3428-4AE2-86D5-C76633442F92}"
EndProject
Global
	GlobalSection(SolutionConfigurationPlatforms) = preSolution
		Debug|Any CPU = Debug|Any CPU
		Release|Any CPU = Release|Any CPU
	EndGlobalSection
	GlobalSection(ProjectConfigurationPlatforms) = postSolution
		{FDE2DF57-2DCF-4267-AA6E-2AB5BF196519}.Debug|Any CPU.ActiveCfg = Debug|Any CPU
		{FDE2DF57-2DCF-4267-AA6E-2AB5BF196519}.Debug|Any CPU.Build.0 = Debug|Any CPU
		{FDE2DF57-2DCF-4267-AA6E-2AB5BF196519}.Release|Any CPU.ActiveCfg = Release|Any CPU
		{FDE2DF57-2DCF-4267-AA6E-2AB5BF196519}.Release|Any CPU.Build.0 = Release|Any CPU
		{BF970A5A-5412-4DEC-9B0A-0E1DC454261C}.Debug|Any CPU.ActiveCfg = Debug|Any CPU
		{BF970A5A-5412-4DEC-9B0A-0E1DC454261C}.Debug|Any CPU.Build.0 = Debug|Any CPU
		{BF970A5A-5412-4DEC-9B0A-0E1DC454261C}.Release|Any CPU.ActiveCfg = Release|Any CPU
		{BF970A5A-5412-4DEC-9B0A-0E1DC454261C}.Release|Any CPU.Build.0 = Release|Any CPU
		{EC753963-3428-4AE2-86D5-C76633442F92}.Debug|Any CPU.ActiveCfg = Debug|Any CPU
		{EC753963-3428-4AE2-86D5-C76633442F92}.Debug|Any CPU.Build.0 = Debug|Any CPU
		{EC753963-3428-4AE2-86D5-C76633442F92}.Release|Any CPU.ActiveCfg = Release|Any CPU
		{EC753963-3428-4AE2-86D5-C76633442F92}.Release|Any CPU.Build.0 = Release|Any CPU
	EndGlobalSection
	GlobalSection(SolutionProperties) = preSolution
		HideSolutionNode = FALSE
	EndGlobalSection
	GlobalSection(NestedProjects) = preSolution
		{FDE2DF57-2DCF-4267-AA6E-2AB5BF196519} = {D3E13F0E-F185-441F-BFF4-F728A38DA70B}
		{5643C63C-13EA-426B-B05D-F41AEBA32BE6} = {BF576F51-FF27-4AFA-929D-BCC9D2AD6960}
		{BF970A5A-5412-4DEC-9B0A-0E1DC454261C} = {5643C63C-13EA-426B-B05D-F41AEBA32BE6}
	EndGlobalSection
	GlobalSection(ExtensibilityGlobals) = postSolution
		SolutionGuid = {DF22F08E-6614-4D64-9205-B0625FC53F51}
	EndGlobalSection
EndGlobal
